
Microsoft Visual Studio Solution File, Format Version 12.00
# Visual Studio Version 17
VisualStudioVersion = 17.3.32929.385
MinimumVisualStudioVersion = 10.0.40219.1
Project("{FAE04EC0-301F-11D3-BF4B-00C04F79EFBC}") = "DemoWeb", "LAB02B2\DemoWeb.csproj", "{7D482075-05EC-4611-BC31-C46C9CAF3376}"
EndProject
Global
	GlobalSection(SolutionConfigurationPlatforms) = preSolution
		Debug|Any CPU = Debug|Any CPU
		Release|Any CPU = Release|Any CPU
	EndGlobalSection
	GlobalSection(ProjectConfigurationPlatforms) = postSolution
		{7D482075-05EC-4611-BC31-C46C9CAF3376}.Debug|Any CPU.ActiveCfg = Debug|Any CPU
		{7D482075-05EC-4611-BC31-C46C9CAF3376}.Debug|Any CPU.Build.0 = Debug|Any CPU
		{7D482075-05EC-4611-BC31-C46C9CAF3376}.Release|Any CPU.ActiveCfg = Release|Any CPU
		{7D482075-05EC-4611-BC31-C46C9CAF3376}.Release|Any CPU.Build.0 = Release|Any CPU
	EndGlobalSection
	GlobalSection(SolutionProperties) = preSolution
		HideSolutionNode = FALSE
	EndGlobalSection
	GlobalSection(ExtensibilityGlobals) = postSolution
		SolutionGuid = {E9A6F98A-95E3-44B5-8B07-B16743F9A889}
	EndGlobalSection
EndGlobal
